
Microsoft Visual Studio Solution File, Format Version 12.00
# Visual Studio Version 17
VisualStudioVersion = 17.0.32014.148
MinimumVisualStudioVersion = 10.0.40219.1
Project("{FAE04EC0-301F-11D3-BF4B-00C04F79EFBC}") = "StudyOnlineAPI", "StudyOnlineAPI\StudyOnlineAPI.csproj", "{CEAFF0E9-8558-45C7-B0B7-60A217302253}"
EndProject
Project("{FAE04EC0-301F-11D3-BF4B-00C04F79EFBC}") = "StudyOnlineRepository", "StudyOnlineRepository\StudyOnlineRepository.csproj", "{143B227F-D237-45EF-9D69-47840B68AB3A}"
EndProject
Project("{FAE04EC0-301F-11D3-BF4B-00C04F79EFBC}") = "DataAccessLayer", "DataAccessLayer\DataAccessLayer.csproj", "{17BC6356-5935-4CB4-BA16-FD70236EA454}"
EndProject
Global
	GlobalSection(SolutionConfigurationPlatforms) = preSolution
		Debug|Any CPU = Debug|Any CPU
		Release|Any CPU = Release|Any CPU
	EndGlobalSection
	GlobalSection(ProjectConfigurationPlatforms) = postSolution
		{CEAFF0E9-8558-45C7-B0B7-60A217302253}.Debug|Any CPU.ActiveCfg = Debug|Any CPU
		{CEAFF0E9-8558-45C7-B0B7-60A217302253}.Debug|Any CPU.Build.0 = Debug|Any CPU
		{CEAFF0E9-8558-45C7-B0B7-60A217302253}.Release|Any CPU.ActiveCfg = Release|Any CPU
		{CEAFF0E9-8558-45C7-B0B7-60A217302253}.Release|Any CPU.Build.0 = Release|Any CPU
		{143B227F-D237-45EF-9D69-47840B68AB3A}.Debug|Any CPU.ActiveCfg = Debug|Any CPU
		{143B227F-D237-45EF-9D69-47840B68AB3A}.Debug|Any CPU.Build.0 = Debug|Any CPU
		{143B227F-D237-45EF-9D69-47840B68AB3A}.Release|Any CPU.ActiveCfg = Release|Any CPU
		{143B227F-D237-45EF-9D69-47840B68AB3A}.Release|Any CPU.Build.0 = Release|Any CPU
		{17BC6356-5935-4CB4-BA16-FD70236EA454}.Debug|Any CPU.ActiveCfg = Debug|Any CPU
		{17BC6356-5935-4CB4-BA16-FD70236EA454}.Debug|Any CPU.Build.0 = Debug|Any CPU
		{17BC6356-5935-4CB4-BA16-FD70236EA454}.Release|Any CPU.ActiveCfg = Release|Any CPU
		{17BC6356-5935-4CB4-BA16-FD70236EA454}.Release|Any CPU.Build.0 = Release|Any CPU
	EndGlobalSection
	GlobalSection(SolutionProperties) = preSolution
		HideSolutionNode = FALSE
	EndGlobalSection
	GlobalSection(ExtensibilityGlobals) = postSolution
		SolutionGuid = {6ED91965-B9EA-49D9-836D-D837D1EE1449}
	EndGlobalSection
EndGlobal
